
Microsoft Visual Studio Solution File, Format Version 12.00
# Visual Studio Version 16
VisualStudioVersion = 16.0.29905.134
MinimumVisualStudioVersion = 10.0.40219.1
Project("{FAE04EC0-301F-11D3-BF4B-00C04F79EFBC}") = "Palindrome", "Palindrome\Palindrome.csproj", "{449FDD60-02A2-4877-802F-5A6F522768C4}"
EndProject
Project("{FAE04EC0-301F-11D3-BF4B-00C04F79EFBC}") = "Palindrome.Tests", "Palindrome.Tests\Palindrome.Tests.csproj", "{0056E93D-7AEC-4405-819F-59E60CD5F6A2}"
	ProjectSection(ProjectDependencies) = postProject
		{449FDD60-02A2-4877-802F-5A6F522768C4} = {449FDD60-02A2-4877-802F-5A6F522768C4}
	EndProjectSection
EndProject
Global
	GlobalSection(SolutionConfigurationPlatforms) = preSolution
		Debug|Any CPU = Debug|Any CPU
		Release|Any CPU = Release|Any CPU
	EndGlobalSection
	GlobalSection(ProjectConfigurationPlatforms) = postSolution
		{449FDD60-02A2-4877-802F-5A6F522768C4}.Debug|Any CPU.ActiveCfg = Debug|Any CPU
		{449FDD60-02A2-4877-802F-5A6F522768C4}.Debug|Any CPU.Build.0 = Debug|Any CPU
		{449FDD60-02A2-4877-802F-5A6F522768C4}.Release|Any CPU.ActiveCfg = Release|Any CPU
		{449FDD60-02A2-4877-802F-5A6F522768C4}.Release|Any CPU.Build.0 = Release|Any CPU
		{0056E93D-7AEC-4405-819F-59E60CD5F6A2}.Debug|Any CPU.ActiveCfg = Debug|Any CPU
		{0056E93D-7AEC-4405-819F-59E60CD5F6A2}.Debug|Any CPU.Build.0 = Debug|Any CPU
		{0056E93D-7AEC-4405-819F-59E60CD5F6A2}.Release|Any CPU.ActiveCfg = Release|Any CPU
		{0056E93D-7AEC-4405-819F-59E60CD5F6A2}.Release|Any CPU.Build.0 = Release|Any CPU
	EndGlobalSection
	GlobalSection(SolutionProperties) = preSolution
		HideSolutionNode = FALSE
	EndGlobalSection
	GlobalSection(ExtensibilityGlobals) = postSolution
		SolutionGuid = {0D278FEC-7462-4DA0-B496-014BD4BB60D8}
	EndGlobalSection
EndGlobal
